
Microsoft Visual Studio Solution File, Format Version 12.00
# Visual Studio Version 17
VisualStudioVersion = 17.11.35303.130
MinimumVisualStudioVersion = 10.0.40219.1
Project("{FAE04EC0-301F-11D3-BF4B-00C04F79EFBC}") = "Demo.PL", "Demo.PL\Demo.PL.csproj", "{2022AFFB-89BA-4B78-AFC4-63D08E6C06A3}"
EndProject
Project("{FAE04EC0-301F-11D3-BF4B-00C04F79EFBC}") = "Deno.DAL", "Deno.DAL\Deno.DAL.csproj", "{4F59CC37-129E-4F61-A075-31F6DDD76ACE}"
EndProject
Project("{FAE04EC0-301F-11D3-BF4B-00C04F79EFBC}") = "Demo.BLL", "Demo.BLL\Demo.BLL.csproj", "{464CFCA4-45CD-4AE6-AD19-71436D88BEA5}"
EndProject
Global
	GlobalSection(SolutionConfigurationPlatforms) = preSolution
		Debug|Any CPU = Debug|Any CPU
		Release|Any CPU = Release|Any CPU
	EndGlobalSection
	GlobalSection(ProjectConfigurationPlatforms) = postSolution
		{2022AFFB-89BA-4B78-AFC4-63D08E6C06A3}.Debug|Any CPU.ActiveCfg = Debug|Any CPU
		{2022AFFB-89BA-4B78-AFC4-63D08E6C06A3}.Debug|Any CPU.Build.0 = Debug|Any CPU
		{2022AFFB-89BA-4B78-AFC4-63D08E6C06A3}.Release|Any CPU.ActiveCfg = Release|Any CPU
		{2022AFFB-89BA-4B78-AFC4-63D08E6C06A3}.Release|Any CPU.Build.0 = Release|Any CPU
		{4F59CC37-129E-4F61-A075-31F6DDD76ACE}.Debug|Any CPU.ActiveCfg = Debug|Any CPU
		{4F59CC37-129E-4F61-A075-31F6DDD76ACE}.Debug|Any CPU.Build.0 = Debug|Any CPU
		{4F59CC37-129E-4F61-A075-31F6DDD76ACE}.Release|Any CPU.ActiveCfg = Release|Any CPU
		{4F59CC37-129E-4F61-A075-31F6DDD76ACE}.Release|Any CPU.Build.0 = Release|Any CPU
		{464CFCA4-45CD-4AE6-AD19-71436D88BEA5}.Debug|Any CPU.ActiveCfg = Debug|Any CPU
		{464CFCA4-45CD-4AE6-AD19-71436D88BEA5}.Debug|Any CPU.Build.0 = Debug|Any CPU
		{464CFCA4-45CD-4AE6-AD19-71436D88BEA5}.Release|Any CPU.ActiveCfg = Release|Any CPU
		{464CFCA4-45CD-4AE6-AD19-71436D88BEA5}.Release|Any CPU.Build.0 = Release|Any CPU
	EndGlobalSection
	GlobalSection(SolutionProperties) = preSolution
		HideSolutionNode = FALSE
	EndGlobalSection
	GlobalSection(ExtensibilityGlobals) = postSolution
		SolutionGuid = {78DB1141-8369-45D2-8B4A-1C16111160D1}
	EndGlobalSection
EndGlobal
